
Microsoft Visual Studio Solution File, Format Version 12.00
# Visual Studio Version 17
VisualStudioVersion = 17.4.33205.214
MinimumVisualStudioVersion = 10.0.40219.1
Project("{9A19103F-16F7-4668-BE54-9A1E7A4F7556}") = "LambdaNet7CustomRuntime", "src\LambdaNet7CustomRuntime\LambdaNet7CustomRuntime.csproj", "{30CC76A1-5EE6-4A15-B225-0897B3AFC8F7}"
EndProject
Global
	GlobalSection(SolutionConfigurationPlatforms) = preSolution
		Debug|Any CPU = Debug|Any CPU
		Release|Any CPU = Release|Any CPU
	EndGlobalSection
	GlobalSection(ProjectConfigurationPlatforms) = postSolution
		{30CC76A1-5EE6-4A15-B225-0897B3AFC8F7}.Debug|Any CPU.ActiveCfg = Debug|Any CPU
		{30CC76A1-5EE6-4A15-B225-0897B3AFC8F7}.Debug|Any CPU.Build.0 = Debug|Any CPU
		{30CC76A1-5EE6-4A15-B225-0897B3AFC8F7}.Release|Any CPU.ActiveCfg = Release|Any CPU
		{30CC76A1-5EE6-4A15-B225-0897B3AFC8F7}.Release|Any CPU.Build.0 = Release|Any CPU
	EndGlobalSection
	GlobalSection(SolutionProperties) = preSolution
		HideSolutionNode = FALSE
	EndGlobalSection
	GlobalSection(ExtensibilityGlobals) = postSolution
		SolutionGuid = {3B2FFE75-CEB1-49A3-AC95-E564AA132DC1}
	EndGlobalSection
EndGlobal
